
Microsoft Visual Studio Solution File, Format Version 12.00
# Visual Studio 15
VisualStudioVersion = 15.0.26730.12
MinimumVisualStudioVersion = 10.0.40219.1
Project("{FAE04EC0-301F-11D3-BF4B-00C04F79EFBC}") = "FastService.Web", "FastService\FastService.Web.csproj", "{5EE1E2D2-30C5-47E5-9C80-6C77B090811D}"
EndProject
Project("{FAE04EC0-301F-11D3-BF4B-00C04F79EFBC}") = "FastService.Tests", "FastService.Tests\FastService.Tests.csproj", "{C0D4B671-EE5C-4948-8933-B3EDB2BA2C98}"
EndProject
Project("{FAE04EC0-301F-11D3-BF4B-00C04F79EFBC}") = "FastService.Backend", "Backend\FastService.Backend.csproj", "{9A3BDDBE-7A99-4520-B617-94EF893DFB14}"
EndProject
Project("{FAE04EC0-301F-11D3-BF4B-00C04F79EFBC}") = "FastService.Model", "Model\FastService.Model.csproj", "{C3AF9BA2-5167-48E9-A3F0-3692725F2BB6}"
EndProject
Project("{F14B399A-7131-4C87-9E4B-1186C45EF12D}") = "FastService.Reports", "FastService.Reports\FastService.Reports.rptproj", "{92ACA6B5-836A-4714-A4E1-9D76D1F5C4EF}"
EndProject
Global
	GlobalSection(SolutionConfigurationPlatforms) = preSolution
		Debug|Any CPU = Debug|Any CPU
		Debug|ARM = Debug|ARM
		Debug|x64 = Debug|x64
		Debug|x86 = Debug|x86
		DebugLocal|Any CPU = DebugLocal|Any CPU
		DebugLocal|ARM = DebugLocal|ARM
		DebugLocal|x64 = DebugLocal|x64
		DebugLocal|x86 = DebugLocal|x86
		Release|Any CPU = Release|Any CPU
		Release|ARM = Release|ARM
		Release|x64 = Release|x64
		Release|x86 = Release|x86
	EndGlobalSection
	GlobalSection(ProjectConfigurationPlatforms) = postSolution
		{5EE1E2D2-30C5-47E5-9C80-6C77B090811D}.Debug|Any CPU.ActiveCfg = Debug|Any CPU
		{5EE1E2D2-30C5-47E5-9C80-6C77B090811D}.Debug|Any CPU.Build.0 = Debug|Any CPU
		{5EE1E2D2-30C5-47E5-9C80-6C77B090811D}.Debug|ARM.ActiveCfg = Debug|Any CPU
		{5EE1E2D2-30C5-47E5-9C80-6C77B090811D}.Debug|x64.ActiveCfg = Debug|Any CPU
		{5EE1E2D2-30C5-47E5-9C80-6C77B090811D}.Debug|x86.ActiveCfg = Debug|Any CPU
		{5EE1E2D2-30C5-47E5-9C80-6C77B090811D}.DebugLocal|Any CPU.ActiveCfg = Debug|Any CPU
		{5EE1E2D2-30C5-47E5-9C80-6C77B090811D}.DebugLocal|Any CPU.Build.0 = Debug|Any CPU
		{5EE1E2D2-30C5-47E5-9C80-6C77B090811D}.DebugLocal|ARM.ActiveCfg = Debug|Any CPU
		{5EE1E2D2-30C5-47E5-9C80-6C77B090811D}.DebugLocal|ARM.Build.0 = Debug|Any CPU
		{5EE1E2D2-30C5-47E5-9C80-6C77B090811D}.DebugLocal|x64.ActiveCfg = Debug|Any CPU
		{5EE1E2D2-30C5-47E5-9C80-6C77B090811D}.DebugLocal|x64.Build.0 = Debug|Any CPU
		{5EE1E2D2-30C5-47E5-9C80-6C77B090811D}.DebugLocal|x86.ActiveCfg = Debug|Any CPU
		{5EE1E2D2-30C5-47E5-9C80-6C77B090811D}.DebugLocal|x86.Build.0 = Debug|Any CPU
		{5EE1E2D2-30C5-47E5-9C80-6C77B090811D}.Release|Any CPU.ActiveCfg = Release|Any CPU
		{5EE1E2D2-30C5-47E5-9C80-6C77B090811D}.Release|Any CPU.Build.0 = Release|Any CPU
		{5EE1E2D2-30C5-47E5-9C80-6C77B090811D}.Release|ARM.ActiveCfg = Release|Any CPU
		{5EE1E2D2-30C5-47E5-9C80-6C77B090811D}.Release|x64.ActiveCfg = Release|Any CPU
		{5EE1E2D2-30C5-47E5-9C80-6C77B090811D}.Release|x86.ActiveCfg = Release|Any CPU
		{C0D4B671-EE5C-4948-8933-B3EDB2BA2C98}.Debug|Any CPU.ActiveCfg = Debug|Any CPU
		{C0D4B671-EE5C-4948-8933-B3EDB2BA2C98}.Debug|Any CPU.Build.0 = Debug|Any CPU
		{C0D4B671-EE5C-4948-8933-B3EDB2BA2C98}.Debug|ARM.ActiveCfg = Debug|Any CPU
		{C0D4B671-EE5C-4948-8933-B3EDB2BA2C98}.Debug|x64.ActiveCfg = Debug|Any CPU
		{C0D4B671-EE5C-4948-8933-B3EDB2BA2C98}.Debug|x86.ActiveCfg = Debug|Any CPU
		{C0D4B671-EE5C-4948-8933-B3EDB2BA2C98}.DebugLocal|Any CPU.ActiveCfg = Debug|Any CPU
		{C0D4B671-EE5C-4948-8933-B3EDB2BA2C98}.DebugLocal|Any CPU.Build.0 = Debug|Any CPU
		{C0D4B671-EE5C-4948-8933-B3EDB2BA2C98}.DebugLocal|ARM.ActiveCfg = Debug|Any CPU
		{C0D4B671-EE5C-4948-8933-B3EDB2BA2C98}.DebugLocal|ARM.Build.0 = Debug|Any CPU
		{C0D4B671-EE5C-4948-8933-B3EDB2BA2C98}.DebugLocal|x64.ActiveCfg = Debug|Any CPU
		{C0D4B671-EE5C-4948-8933-B3EDB2BA2C98}.DebugLocal|x64.Build.0 = Debug|Any CPU
		{C0D4B671-EE5C-4948-8933-B3EDB2BA2C98}.DebugLocal|x86.ActiveCfg = Debug|Any CPU
		{C0D4B671-EE5C-4948-8933-B3EDB2BA2C98}.DebugLocal|x86.Build.0 = Debug|Any CPU
		{C0D4B671-EE5C-4948-8933-B3EDB2BA2C98}.Release|Any CPU.ActiveCfg = Release|Any CPU
		{C0D4B671-EE5C-4948-8933-B3EDB2BA2C98}.Release|Any CPU.Build.0 = Release|Any CPU
		{C0D4B671-EE5C-4948-8933-B3EDB2BA2C98}.Release|ARM.ActiveCfg = Release|Any CPU
		{C0D4B671-EE5C-4948-8933-B3EDB2BA2C98}.Release|x64.ActiveCfg = Release|Any CPU
		{C0D4B671-EE5C-4948-8933-B3EDB2BA2C98}.Release|x86.ActiveCfg = Release|Any CPU
		{9A3BDDBE-7A99-4520-B617-94EF893DFB14}.Debug|Any CPU.ActiveCfg = Debug|Any CPU
		{9A3BDDBE-7A99-4520-B617-94EF893DFB14}.Debug|Any CPU.Build.0 = Debug|Any CPU
		{9A3BDDBE-7A99-4520-B617-94EF893DFB14}.Debug|ARM.ActiveCfg = Debug|Any CPU
		{9A3BDDBE-7A99-4520-B617-94EF893DFB14}.Debug|x64.ActiveCfg = Debug|Any CPU
		{9A3BDDBE-7A99-4520-B617-94EF893DFB14}.Debug|x86.ActiveCfg = Debug|Any CPU
		{9A3BDDBE-7A99-4520-B617-94EF893DFB14}.DebugLocal|Any CPU.ActiveCfg = Debug|Any CPU
		{9A3BDDBE-7A99-4520-B617-94EF893DFB14}.DebugLocal|Any CPU.Build.0 = Debug|Any CPU
		{9A3BDDBE-7A99-4520-B617-94EF893DFB14}.DebugLocal|ARM.ActiveCfg = Debug|Any CPU
		{9A3BDDBE-7A99-4520-B617-94EF893DFB14}.DebugLocal|ARM.Build.0 = Debug|Any CPU
		{9A3BDDBE-7A99-4520-B617-94EF893DFB14}.DebugLocal|x64.ActiveCfg = Debug|Any CPU
		{9A3BDDBE-7A99-4520-B617-94EF893DFB14}.DebugLocal|x64.Build.0 = Debug|Any CPU
		{9A3BDDBE-7A99-4520-B617-94EF893DFB14}.DebugLocal|x86.ActiveCfg = Debug|Any CPU
		{9A3BDDBE-7A99-4520-B617-94EF893DFB14}.DebugLocal|x86.Build.0 = Debug|Any CPU
		{9A3BDDBE-7A99-4520-B617-94EF893DFB14}.Release|Any CPU.ActiveCfg = Release|Any CPU
		{9A3BDDBE-7A99-4520-B617-94EF893DFB14}.Release|Any CPU.Build.0 = Release|Any CPU
		{9A3BDDBE-7A99-4520-B617-94EF893DFB14}.Release|ARM.ActiveCfg = Release|Any CPU
		{9A3BDDBE-7A99-4520-B617-94EF893DFB14}.Release|x64.ActiveCfg = Release|Any CPU
		{9A3BDDBE-7A99-4520-B617-94EF893DFB14}.Release|x86.ActiveCfg = Release|Any CPU
		{C3AF9BA2-5167-48E9-A3F0-3692725F2BB6}.Debug|Any CPU.ActiveCfg = Debug|Any CPU
		{C3AF9BA2-5167-48E9-A3F0-3692725F2BB6}.Debug|Any CPU.Build.0 = Debug|Any CPU
		{C3AF9BA2-5167-48E9-A3F0-3692725F2BB6}.Debug|ARM.ActiveCfg = Debug|Any CPU
		{C3AF9BA2-5167-48E9-A3F0-3692725F2BB6}.Debug|ARM.Build.0 = Debug|Any CPU
		{C3AF9BA2-5167-48E9-A3F0-3692725F2BB6}.Debug|x64.ActiveCfg = Debug|Any CPU
		{C3AF9BA2-5167-48E9-A3F0-3692725F2BB6}.Debug|x64.Build.0 = Debug|Any CPU
		{C3AF9BA2-5167-48E9-A3F0-3692725F2BB6}.Debug|x86.ActiveCfg = Debug|Any CPU
		{C3AF9BA2-5167-48E9-A3F0-3692725F2BB6}.Debug|x86.Build.0 = Debug|Any CPU
		{C3AF9BA2-5167-48E9-A3F0-3692725F2BB6}.DebugLocal|Any CPU.ActiveCfg = Debug|Any CPU
		{C3AF9BA2-5167-48E9-A3F0-3692725F2BB6}.DebugLocal|Any CPU.Build.0 = Debug|Any CPU
		{C3AF9BA2-5167-48E9-A3F0-3692725F2BB6}.DebugLocal|ARM.ActiveCfg = Debug|Any CPU
		{C3AF9BA2-5167-48E9-A3F0-3692725F2BB6}.DebugLocal|ARM.Build.0 = Debug|Any CPU
		{C3AF9BA2-5167-48E9-A3F0-3692725F2BB6}.DebugLocal|x64.ActiveCfg = Debug|Any CPU
		{C3AF9BA2-5167-48E9-A3F0-3692725F2BB6}.DebugLocal|x64.Build.0 = Debug|Any CPU
		{C3AF9BA2-5167-48E9-A3F0-3692725F2BB6}.DebugLocal|x86.ActiveCfg = Debug|Any CPU
		{C3AF9BA2-5167-48E9-A3F0-3692725F2BB6}.DebugLocal|x86.Build.0 = Debug|Any CPU
		{C3AF9BA2-5167-48E9-A3F0-3692725F2BB6}.Release|Any CPU.ActiveCfg = Release|Any CPU
		{C3AF9BA2-5167-48E9-A3F0-3692725F2BB6}.Release|Any CPU.Build.0 = Release|Any CPU
		{C3AF9BA2-5167-48E9-A3F0-3692725F2BB6}.Release|ARM.ActiveCfg = Release|Any CPU
		{C3AF9BA2-5167-48E9-A3F0-3692725F2BB6}.Release|ARM.Build.0 = Release|Any CPU
		{C3AF9BA2-5167-48E9-A3F0-3692725F2BB6}.Release|x64.ActiveCfg = Release|Any CPU
		{C3AF9BA2-5167-48E9-A3F0-3692725F2BB6}.Release|x64.Build.0 = Release|Any CPU
		{C3AF9BA2-5167-48E9-A3F0-3692725F2BB6}.Release|x86.ActiveCfg = Release|Any CPU
		{C3AF9BA2-5167-48E9-A3F0-3692725F2BB6}.Release|x86.Build.0 = Release|Any CPU
		{92ACA6B5-836A-4714-A4E1-9D76D1F5C4EF}.Debug|Any CPU.ActiveCfg = Debug
		{92ACA6B5-836A-4714-A4E1-9D76D1F5C4EF}.Debug|Any CPU.Build.0 = Debug
		{92ACA6B5-836A-4714-A4E1-9D76D1F5C4EF}.Debug|Any CPU.Deploy.0 = Debug
		{92ACA6B5-836A-4714-A4E1-9D76D1F5C4EF}.Debug|ARM.ActiveCfg = Debug
		{92ACA6B5-836A-4714-A4E1-9D76D1F5C4EF}.Debug|ARM.Build.0 = Debug
		{92ACA6B5-836A-4714-A4E1-9D76D1F5C4EF}.Debug|ARM.Deploy.0 = Debug
		{92ACA6B5-836A-4714-A4E1-9D76D1F5C4EF}.Debug|x64.ActiveCfg = Debug
		{92ACA6B5-836A-4714-A4E1-9D76D1F5C4EF}.Debug|x64.Build.0 = Debug
		{92ACA6B5-836A-4714-A4E1-9D76D1F5C4EF}.Debug|x64.Deploy.0 = Debug
		{92ACA6B5-836A-4714-A4E1-9D76D1F5C4EF}.Debug|x86.ActiveCfg = Debug
		{92ACA6B5-836A-4714-A4E1-9D76D1F5C4EF}.Debug|x86.Build.0 = Debug
		{92ACA6B5-836A-4714-A4E1-9D76D1F5C4EF}.Debug|x86.Deploy.0 = Debug
		{92ACA6B5-836A-4714-A4E1-9D76D1F5C4EF}.DebugLocal|Any CPU.ActiveCfg = DebugLocal
		{92ACA6B5-836A-4714-A4E1-9D76D1F5C4EF}.DebugLocal|Any CPU.Build.0 = DebugLocal
		{92ACA6B5-836A-4714-A4E1-9D76D1F5C4EF}.DebugLocal|ARM.ActiveCfg = DebugLocal
		{92ACA6B5-836A-4714-A4E1-9D76D1F5C4EF}.DebugLocal|ARM.Build.0 = DebugLocal
		{92ACA6B5-836A-4714-A4E1-9D76D1F5C4EF}.DebugLocal|x64.ActiveCfg = DebugLocal
		{92ACA6B5-836A-4714-A4E1-9D76D1F5C4EF}.DebugLocal|x64.Build.0 = DebugLocal
		{92ACA6B5-836A-4714-A4E1-9D76D1F5C4EF}.DebugLocal|x86.ActiveCfg = DebugLocal
		{92ACA6B5-836A-4714-A4E1-9D76D1F5C4EF}.DebugLocal|x86.Build.0 = DebugLocal
		{92ACA6B5-836A-4714-A4E1-9D76D1F5C4EF}.Release|Any CPU.ActiveCfg = Release
		{92ACA6B5-836A-4714-A4E1-9D76D1F5C4EF}.Release|Any CPU.Build.0 = Release
		{92ACA6B5-836A-4714-A4E1-9D76D1F5C4EF}.Release|Any CPU.Deploy.0 = Release
		{92ACA6B5-836A-4714-A4E1-9D76D1F5C4EF}.Release|ARM.ActiveCfg = Release
		{92ACA6B5-836A-4714-A4E1-9D76D1F5C4EF}.Release|ARM.Build.0 = Release
		{92ACA6B5-836A-4714-A4E1-9D76D1F5C4EF}.Release|ARM.Deploy.0 = Release
		{92ACA6B5-836A-4714-A4E1-9D76D1F5C4EF}.Release|x64.ActiveCfg = Release
		{92ACA6B5-836A-4714-A4E1-9D76D1F5C4EF}.Release|x64.Build.0 = Release
		{92ACA6B5-836A-4714-A4E1-9D76D1F5C4EF}.Release|x64.Deploy.0 = Release
		{92ACA6B5-836A-4714-A4E1-9D76D1F5C4EF}.Release|x86.ActiveCfg = Release
		{92ACA6B5-836A-4714-A4E1-9D76D1F5C4EF}.Release|x86.Build.0 = Release
		{92ACA6B5-836A-4714-A4E1-9D76D1F5C4EF}.Release|x86.Deploy.0 = Release
	EndGlobalSection
	GlobalSection(SolutionProperties) = preSolution
		HideSolutionNode = FALSE
	EndGlobalSection
	GlobalSection(ExtensibilityGlobals) = postSolution
		SolutionGuid = {C7993863-AA0A-43A3-961A-36920FF719F9}
	EndGlobalSection
EndGlobal
